
Microsoft Visual Studio Solution File, Format Version 12.00
# Visual Studio Version 16
VisualStudioVersion = 16.0.31220.234
MinimumVisualStudioVersion = 10.0.40219.1
Project("{9A19103F-16F7-4668-BE54-9A1E7A4F7556}") = "HotReloadNet6", "HotReloadNet6\HotReloadNet6.csproj", "{0E297287-675F-47B5-A4EF-7F47E9A5F9E5}"
EndProject
Project("{9A19103F-16F7-4668-BE54-9A1E7A4F7556}") = "SharedLibrary", "SharedLibrary\SharedLibrary.csproj", "{0658A289-6316-4A05-B6FE-1B9652084378}"
EndProject
Project("{9A19103F-16F7-4668-BE54-9A1E7A4F7556}") = "SharedMultitargetLibrary", "SharedMultitargetLibrary\SharedMultitargetLibrary.csproj", "{CBF0EF6F-29E5-4497-AC29-CE12B8BD47D3}"
EndProject
Global
	GlobalSection(SolutionConfigurationPlatforms) = preSolution
		Debug|Any CPU = Debug|Any CPU
		Release|Any CPU = Release|Any CPU
	EndGlobalSection
	GlobalSection(ProjectConfigurationPlatforms) = postSolution
		{0E297287-675F-47B5-A4EF-7F47E9A5F9E5}.Debug|Any CPU.ActiveCfg = Debug|Any CPU
		{0E297287-675F-47B5-A4EF-7F47E9A5F9E5}.Debug|Any CPU.Build.0 = Debug|Any CPU
		{0E297287-675F-47B5-A4EF-7F47E9A5F9E5}.Release|Any CPU.ActiveCfg = Release|Any CPU
		{0E297287-675F-47B5-A4EF-7F47E9A5F9E5}.Release|Any CPU.Build.0 = Release|Any CPU
		{0658A289-6316-4A05-B6FE-1B9652084378}.Debug|Any CPU.ActiveCfg = Debug|Any CPU
		{0658A289-6316-4A05-B6FE-1B9652084378}.Debug|Any CPU.Build.0 = Debug|Any CPU
		{0658A289-6316-4A05-B6FE-1B9652084378}.Release|Any CPU.ActiveCfg = Release|Any CPU
		{0658A289-6316-4A05-B6FE-1B9652084378}.Release|Any CPU.Build.0 = Release|Any CPU
		{CBF0EF6F-29E5-4497-AC29-CE12B8BD47D3}.Debug|Any CPU.ActiveCfg = Debug|Any CPU
		{CBF0EF6F-29E5-4497-AC29-CE12B8BD47D3}.Debug|Any CPU.Build.0 = Debug|Any CPU
		{CBF0EF6F-29E5-4497-AC29-CE12B8BD47D3}.Release|Any CPU.ActiveCfg = Release|Any CPU
		{CBF0EF6F-29E5-4497-AC29-CE12B8BD47D3}.Release|Any CPU.Build.0 = Release|Any CPU
	EndGlobalSection
	GlobalSection(SolutionProperties) = preSolution
		HideSolutionNode = FALSE
	EndGlobalSection
	GlobalSection(ExtensibilityGlobals) = postSolution
		SolutionGuid = {E70F776A-8BC3-4F46-AFF6-0FC0BA192C71}
	EndGlobalSection
EndGlobal
